{
  "name": "understrap",
  "version": "0.6.5",
  "lockfileVersion": 1,
  "requires": true,
  "dependencies": {
    "awesome-phonenumber": {
      "version": "2.2.3",
      "resolved": "https://registry.npmjs.org/awesome-phonenumber/-/awesome-phonenumber-2.2.3.tgz",
      "integrity": "sha512-cCZk9L2oZS+Vi681i2JqAig+CnjWo5CtL1OfcBz8iDnQXn/xQWW6T60bhJq6U0hfJJGcWT/RKdLOm4EtWJWR6A=="
    },
    "cleave.js": {
      "version": "1.0.7",
      "resolved": "https://registry.npmjs.org/cleave.js/-/cleave.js-1.0.7.tgz",
      "integrity": "sha1-In68QH0Lj7Pc0s4V1Th2UForAsw="
    },
    "google-libphonenumber": {
      "version": "3.0.9",
      "resolved": "https://registry.npmjs.org/google-libphonenumber/-/google-libphonenumber-3.0.9.tgz",
      "integrity": "sha512-sXrkMbVvS7lgCBFm2ndNrkUJbXXvRlO4xmjIxM6/ljE2Ue1D611aler51vPvvm2bL1faTqkOV7R28tS5c/vDyA=="
    }
  }
}
